
Microsoft Visual Studio Solution File, Format Version 12.00
# Visual Studio Version 16
VisualStudioVersion = 16.0.30011.22
MinimumVisualStudioVersion = 10.0.40219.1
Project("{FAE04EC0-301F-11D3-BF4B-00C04F79EFBC}") = "SimpleSocialNetwork.Models", "SimpleSocialNetwork.Models\SimpleSocialNetwork.Models.csproj", "{7ECC895D-95E3-4037-9176-71982935386C}"
EndProject
Project("{FAE04EC0-301F-11D3-BF4B-00C04F79EFBC}") = "SimpleSocialNetwork.Web", "SimpleSocialNetwork.Web\SimpleSocialNetwork.Web.csproj", "{07266E00-5D93-4255-A4D3-28929561167C}"
EndProject
Project("{FAE04EC0-301F-11D3-BF4B-00C04F79EFBC}") = "SimpleSocialNetwork.Data", "SimpleSocialNetwork.Data\SimpleSocialNetwork.Data.csproj", "{20FCE755-A245-4CD2-97AF-F7C4B1C15FDA}"
EndProject
Project("{FAE04EC0-301F-11D3-BF4B-00C04F79EFBC}") = "SimpleSocialNetwork.Dto", "SimpleSocialNetwork.Dto\SimpleSocialNetwork.Dto.csproj", "{1507F54D-00F9-4AA4-AA48-02CDC3111EE7}"
EndProject
Global
	GlobalSection(SolutionConfigurationPlatforms) = preSolution
		Debug|Any CPU = Debug|Any CPU
		Release|Any CPU = Release|Any CPU
	EndGlobalSection
	GlobalSection(ProjectConfigurationPlatforms) = postSolution
		{7ECC895D-95E3-4037-9176-71982935386C}.Debug|Any CPU.ActiveCfg = Debug|Any CPU
		{7ECC895D-95E3-4037-9176-71982935386C}.Debug|Any CPU.Build.0 = Debug|Any CPU
		{7ECC895D-95E3-4037-9176-71982935386C}.Release|Any CPU.ActiveCfg = Release|Any CPU
		{7ECC895D-95E3-4037-9176-71982935386C}.Release|Any CPU.Build.0 = Release|Any CPU
		{07266E00-5D93-4255-A4D3-28929561167C}.Debug|Any CPU.ActiveCfg = Debug|Any CPU
		{07266E00-5D93-4255-A4D3-28929561167C}.Debug|Any CPU.Build.0 = Debug|Any CPU
		{07266E00-5D93-4255-A4D3-28929561167C}.Release|Any CPU.ActiveCfg = Release|Any CPU
		{07266E00-5D93-4255-A4D3-28929561167C}.Release|Any CPU.Build.0 = Release|Any CPU
		{20FCE755-A245-4CD2-97AF-F7C4B1C15FDA}.Debug|Any CPU.ActiveCfg = Debug|Any CPU
		{20FCE755-A245-4CD2-97AF-F7C4B1C15FDA}.Debug|Any CPU.Build.0 = Debug|Any CPU
		{20FCE755-A245-4CD2-97AF-F7C4B1C15FDA}.Release|Any CPU.ActiveCfg = Release|Any CPU
		{20FCE755-A245-4CD2-97AF-F7C4B1C15FDA}.Release|Any CPU.Build.0 = Release|Any CPU
		{1507F54D-00F9-4AA4-AA48-02CDC3111EE7}.Debug|Any CPU.ActiveCfg = Debug|Any CPU
		{1507F54D-00F9-4AA4-AA48-02CDC3111EE7}.Debug|Any CPU.Build.0 = Debug|Any CPU
		{1507F54D-00F9-4AA4-AA48-02CDC3111EE7}.Release|Any CPU.ActiveCfg = Release|Any CPU
		{1507F54D-00F9-4AA4-AA48-02CDC3111EE7}.Release|Any CPU.Build.0 = Release|Any CPU
	EndGlobalSection
	GlobalSection(SolutionProperties) = preSolution
		HideSolutionNode = FALSE
	EndGlobalSection
	GlobalSection(ExtensibilityGlobals) = postSolution
		SolutionGuid = {3C2EED57-3D31-43FC-9C45-6393E7AEBBE0}
	EndGlobalSection
EndGlobal
