Microsoft Visual Studio Solution File, Format Version 12.00
# Visual Studio Version 17
VisualStudioVersion = 17.5.2.0
MinimumVisualStudioVersion = 10.0.40219.1
Project("{FAE04EC0-301F-11D3-BF4B-00C04F79EFBC}") = "SimpleSocialNetwork.Web", "SimpleSocialNetwork.Web.csproj", "{3D143941-D866-B014-C3D9-771B0283E544}"
EndProject
Global
	GlobalSection(SolutionConfigurationPlatforms) = preSolution
		Debug|Any CPU = Debug|Any CPU
		Release|Any CPU = Release|Any CPU
	EndGlobalSection
	GlobalSection(ProjectConfigurationPlatforms) = postSolution
		{3D143941-D866-B014-C3D9-771B0283E544}.Debug|Any CPU.ActiveCfg = Debug|Any CPU
		{3D143941-D866-B014-C3D9-771B0283E544}.Debug|Any CPU.Build.0 = Debug|Any CPU
		{3D143941-D866-B014-C3D9-771B0283E544}.Release|Any CPU.ActiveCfg = Release|Any CPU
		{3D143941-D866-B014-C3D9-771B0283E544}.Release|Any CPU.Build.0 = Release|Any CPU
	EndGlobalSection
	GlobalSection(SolutionProperties) = preSolution
		HideSolutionNode = FALSE
	EndGlobalSection
	GlobalSection(ExtensibilityGlobals) = postSolution
		SolutionGuid = {971BE3D2-A3AA-4448-A9F8-3FCB001DCFE0}
	EndGlobalSection
EndGlobal
